
Microsoft Visual Studio Solution File, Format Version 12.00
# Visual Studio Version 17
VisualStudioVersion = 17.9.34526.213
MinimumVisualStudioVersion = 10.0.40219.1
Project("{FAE04EC0-301F-11D3-BF4B-00C04F79EFBC}") = "CRUD", "CRUD\CRUD.csproj", "{B089C51E-1392-4E1B-A914-3B38BA2A7DCF}"
EndProject
Global
	GlobalSection(SolutionConfigurationPlatforms) = preSolution
		Debug|Any CPU = Debug|Any CPU
		Release|Any CPU = Release|Any CPU
	EndGlobalSection
	GlobalSection(ProjectConfigurationPlatforms) = postSolution
		{B089C51E-1392-4E1B-A914-3B38BA2A7DCF}.Debug|Any CPU.ActiveCfg = Debug|Any CPU
		{B089C51E-1392-4E1B-A914-3B38BA2A7DCF}.Debug|Any CPU.Build.0 = Debug|Any CPU
		{B089C51E-1392-4E1B-A914-3B38BA2A7DCF}.Release|Any CPU.ActiveCfg = Release|Any CPU
		{B089C51E-1392-4E1B-A914-3B38BA2A7DCF}.Release|Any CPU.Build.0 = Release|Any CPU
	EndGlobalSection
	GlobalSection(SolutionProperties) = preSolution
		HideSolutionNode = FALSE
	EndGlobalSection
	GlobalSection(ExtensibilityGlobals) = postSolution
		SolutionGuid = {7F6E1966-2BF4-4341-945F-38C4B8DB145B}
	EndGlobalSection
EndGlobal
